
Microsoft Visual Studio Solution File, Format Version 12.00
# Visual Studio Version 16
VisualStudioVersion = 16.0.30002.166
MinimumVisualStudioVersion = 10.0.40219.1
Project("{FAE04EC0-301F-11D3-BF4B-00C04F79EFBC}") = "Weather", "Weather\Weather.csproj", "{DEE07FD7-623D-4A65-8545-D99F2FCF3599}"
EndProject
Global
	GlobalSection(SolutionConfigurationPlatforms) = preSolution
		Debug|Any CPU = Debug|Any CPU
		Release|Any CPU = Release|Any CPU
	EndGlobalSection
	GlobalSection(ProjectConfigurationPlatforms) = postSolution
		{DEE07FD7-623D-4A65-8545-D99F2FCF3599}.Debug|Any CPU.ActiveCfg = Debug|Any CPU
		{DEE07FD7-623D-4A65-8545-D99F2FCF3599}.Debug|Any CPU.Build.0 = Debug|Any CPU
		{DEE07FD7-623D-4A65-8545-D99F2FCF3599}.Release|Any CPU.ActiveCfg = Release|Any CPU
		{DEE07FD7-623D-4A65-8545-D99F2FCF3599}.Release|Any CPU.Build.0 = Release|Any CPU
	EndGlobalSection
	GlobalSection(SolutionProperties) = preSolution
		HideSolutionNode = FALSE
	EndGlobalSection
	GlobalSection(ExtensibilityGlobals) = postSolution
		SolutionGuid = {BB5A081B-1AE3-4763-86B1-A4472055B7EA}
	EndGlobalSection
EndGlobal
